version: 6
environments:
  default:
    channels:
    - url: https://conda.anaconda.org/conda-forge/
    packages:
      osx-arm64:
      - conda: https://conda.anaconda.org/conda-forge/osx-arm64/bzip2-1.0.8-h99b78c6_7.conda
      - conda: https://conda.anaconda.org/conda-forge/osx-arm64/c-ares-1.34.4-h5505292_0.conda
      - conda: https://conda.anaconda.org/conda-forge/osx-arm64/ca-certificates-2025.1.31-hf0a4a13_0.conda
      - conda: https://conda.anaconda.org/conda-forge/osx-arm64/ccache-4.10.1-hbe278c5_0.conda
      - conda: https://conda.anaconda.org/conda-forge/osx-arm64/clang-19-19.1.7-default_hf90f093_1.conda
      - conda: https://conda.anaconda.org/conda-forge/osx-arm64/clang-19.1.7-default_h474c9e2_1.conda
      - conda: https://conda.anaconda.org/conda-forge/osx-arm64/clangxx-19.1.7-default_h1ffe849_1.conda
      - conda: https://conda.anaconda.org/conda-forge/osx-arm64/cmake-3.31.5-ha25475f_0.conda
      - conda: https://conda.anaconda.org/conda-forge/osx-arm64/icu-75.1-hfee45f7_0.conda
      - conda: https://conda.anaconda.org/conda-forge/osx-arm64/krb5-1.21.3-h237132a_0.conda
      - conda: https://conda.anaconda.org/conda-forge/osx-arm64/libclang-cpp19.1-19.1.7-default_hf90f093_1.conda
      - conda: https://conda.anaconda.org/conda-forge/osx-arm64/libcurl-8.12.1-h73640d1_0.conda
      - conda: https://conda.anaconda.org/conda-forge/osx-arm64/libcxx-19.1.7-ha82da77_0.conda
      - conda: https://conda.anaconda.org/conda-forge/osx-arm64/libcxx-devel-19.1.7-h6dc3340_0.conda
      - conda: https://conda.anaconda.org/conda-forge/osx-arm64/libedit-3.1.20250104-pl5321hafb1f1b_0.conda
      - conda: https://conda.anaconda.org/conda-forge/osx-arm64/libev-4.33-h93a5062_2.conda
      - conda: https://conda.anaconda.org/conda-forge/osx-arm64/libexpat-2.6.4-h286801f_0.conda
      - conda: https://conda.anaconda.org/conda-forge/osx-arm64/libgfortran-5.0.0-12_2_0_hd922786_32.conda
      - conda: https://conda.anaconda.org/conda-forge/osx-arm64/libgfortran5-12.2.0-h0eea778_32.conda
      - conda: https://conda.anaconda.org/conda-forge/osx-arm64/libhiredis-1.0.2-hbec66e7_0.tar.bz2
      - conda: https://conda.anaconda.org/conda-forge/osx-arm64/libiconv-1.17-h0d3ecfb_2.conda
      - conda: https://conda.anaconda.org/conda-forge/osx-arm64/libllvm19-19.1.7-hc4b4ae8_1.conda
      - conda: https://conda.anaconda.org/conda-forge/osx-arm64/liblzma-5.6.4-h39f12f2_0.conda
      - conda: https://conda.anaconda.org/conda-forge/osx-arm64/libnghttp2-1.64.0-h6d7220d_0.conda
      - conda: https://conda.anaconda.org/conda-forge/osx-arm64/libssh2-1.11.1-h9cc3647_0.conda
      - conda: https://conda.anaconda.org/conda-forge/osx-arm64/libuv-1.50.0-h5505292_0.conda
      - conda: https://conda.anaconda.org/conda-forge/osx-arm64/libxml2-2.13.5-h178c5d8_1.conda
      - conda: https://conda.anaconda.org/conda-forge/osx-arm64/libzlib-1.3.1-h8359307_2.conda
      - conda: https://conda.anaconda.org/conda-forge/osx-arm64/llvm-openmp-19.1.7-hdb05f8b_0.conda
      - conda: https://conda.anaconda.org/conda-forge/osx-arm64/ncurses-6.5-h5e97a16_3.conda
      - conda: https://conda.anaconda.org/conda-forge/osx-arm64/ninja-1.12.1-h420ef59_0.conda
      - conda: https://conda.anaconda.org/conda-forge/osx-arm64/openssl-3.4.1-h81ee809_0.conda
      - conda: https://conda.anaconda.org/conda-forge/osx-arm64/rattler-build-0.35.9-h3ab7716_0.conda
      - conda: https://conda.anaconda.org/conda-forge/osx-arm64/rhash-1.4.5-h7ab814d_0.conda
      - conda: https://conda.anaconda.org/conda-forge/osx-arm64/zstd-1.5.6-hb46c0d2_0.conda
packages:
- conda: https://conda.anaconda.org/conda-forge/osx-arm64/bzip2-1.0.8-h99b78c6_7.conda
  sha256: adfa71f158cbd872a36394c56c3568e6034aa55c623634b37a4836bd036e6b91
  md5: fc6948412dbbbe9a4c9ddbbcfe0a79ab
  depends:
  - __osx >=11.0
  license: bzip2-1.0.6
  license_family: BSD
  size: 122909
  timestamp: 1720974522888
- conda: https://conda.anaconda.org/conda-forge/osx-arm64/c-ares-1.34.4-h5505292_0.conda
  sha256: 09c0c8476e50b2955f474a4a1c17c4c047dd52993b5366b6ea8e968e583b921f
  md5: c1c999a38a4303b29d75c636eaa13cf9
  depends:
  - __osx >=11.0
  license: MIT
  license_family: MIT
  size: 179496
  timestamp: 1734208291879
- conda: https://conda.anaconda.org/conda-forge/osx-arm64/ca-certificates-2025.1.31-hf0a4a13_0.conda
  sha256: 7e12816618173fe70f5c638b72adf4bfd4ddabf27794369bb17871c5bb75b9f9
  md5: 3569d6a9141adc64d2fe4797f3289e06
  license: ISC
  size: 158425
  timestamp: 1738298167688
- conda: https://conda.anaconda.org/conda-forge/osx-arm64/ccache-4.10.1-hbe278c5_0.conda
  sha256: e5448366918dba17580f6efffa93b73224b8d9defe4e2daa5997a34d44fa6688
  md5: 16e26332b855b11749dd75e64566d26e
  depends:
  - __osx >=11.0
  - libcxx >=16
  - libhiredis >=1.0.2,<1.1.0a0
  - zstd >=1.5.6,<1.6.0a0
  license: GPL-3.0-only
  license_family: GPL
  size: 512822
  timestamp: 1719847491041
- conda: https://conda.anaconda.org/conda-forge/osx-arm64/clang-19.1.7-default_h474c9e2_1.conda
  sha256: 63f8df06e3ad37b2ed21e05392a241513611319492687299892369678d9837d2
  md5: 829f50cb8e505d8136f8c9a9b73f6ec4
  depends:
  - clang-19 19.1.7 default_hf90f093_1
  license: Apache-2.0 WITH LLVM-exception
  license_family: Apache
  size: 23810
  timestamp: 1737779620041
- conda: https://conda.anaconda.org/conda-forge/osx-arm64/clang-19-19.1.7-default_hf90f093_1.conda
  sha256: e256eafeeeb4c1f4866da8902bf8fade5b39c525b78e831ddc139c4e8f34802f
  md5: 2a00b81c6bd7aa1fcd815f5ec84828f5
  depends:
  - __osx >=11.0
  - libclang-cpp19.1 19.1.7 default_hf90f093_1
  - libcxx >=19.1.7
  - libllvm19 >=19.1.7,<19.2.0a0
  license: Apache-2.0 WITH LLVM-exception
  license_family: Apache
  size: 766270
  timestamp: 1737779510248
- conda: https://conda.anaconda.org/conda-forge/osx-arm64/clangxx-19.1.7-default_h1ffe849_1.conda
  sha256: b22ff0f3a2f86885f06a90221eff6eff52a00e910314834547df73edad1261d7
  md5: 377dbf8d8ed3ef930143dbd8359fb910
  depends:
  - clang 19.1.7 default_h474c9e2_1
  - libcxx-devel 19.1.*
  license: Apache-2.0 WITH LLVM-exception
  license_family: Apache
  size: 23881
  timestamp: 1737779632630
- conda: https://conda.anaconda.org/conda-forge/osx-arm64/cmake-3.31.5-ha25475f_0.conda
  sha256: b66ef29ea26e5414255edefeff0a8c441227c1c329769ac285cc82602c5ba003
  md5: 269835228e0c92129409067c2e24b5ce
  depends:
  - __osx >=11.0
  - bzip2 >=1.0.8,<2.0a0
  - libcurl >=8.11.1,<9.0a0
  - libcxx >=18
  - libexpat >=2.6.4,<3.0a0
  - liblzma >=5.6.3,<6.0a0
  - libuv >=1.50.0,<2.0a0
  - libzlib >=1.3.1,<2.0a0
  - ncurses >=6.5,<7.0a0
  - rhash >=1.4.5,<2.0a0
  - zstd >=1.5.6,<1.6.0a0
  license: BSD-3-Clause
  license_family: BSD
  size: 16548009
  timestamp: 1737768925336
- conda: https://conda.anaconda.org/conda-forge/osx-arm64/icu-75.1-hfee45f7_0.conda
  sha256: 9ba12c93406f3df5ab0a43db8a4b4ef67a5871dfd401010fbe29b218b2cbe620
  md5: 5eb22c1d7b3fc4abb50d92d621583137
  depends:
  - __osx >=11.0
  license: MIT
  license_family: MIT
  size: 11857802
  timestamp: 1720853997952
- conda: https://conda.anaconda.org/conda-forge/osx-arm64/krb5-1.21.3-h237132a_0.conda
  sha256: 4442f957c3c77d69d9da3521268cad5d54c9033f1a73f99cde0a3658937b159b
  md5: c6dc8a0fdec13a0565936655c33069a1
  depends:
  - __osx >=11.0
  - libcxx >=16
  - libedit >=3.1.20191231,<3.2.0a0
  - libedit >=3.1.20191231,<4.0a0
  - openssl >=3.3.1,<4.0a0
  license: MIT
  license_family: MIT
  size: 1155530
  timestamp: 1719463474401
- conda: https://conda.anaconda.org/conda-forge/osx-arm64/libclang-cpp19.1-19.1.7-default_hf90f093_1.conda
  sha256: 12613f53fd1d8391fe2175b99f549fa87c12cac3393de3238c6d0803ddb2f201
  md5: 593f14b216597279952b26d3f64734b8
  depends:
  - __osx >=11.0
  - libcxx >=19.1.7
  - libllvm19 >=19.1.7,<19.2.0a0
  license: Apache-2.0 WITH LLVM-exception
  license_family: Apache
  size: 14081371
  timestamp: 1737779198108
- conda: https://conda.anaconda.org/conda-forge/osx-arm64/libcurl-8.12.1-h73640d1_0.conda
  sha256: 0bddd1791eb0602c8c6aa465802e9d4526d3ec1251d900b209e767753565d5df
  md5: 105f0cceef753644912f42e11c1ae9cf
  depends:
  - __osx >=11.0
  - krb5 >=1.21.3,<1.22.0a0
  - libnghttp2 >=1.64.0,<2.0a0
  - libssh2 >=1.11.1,<2.0a0
  - libzlib >=1.3.1,<2.0a0
  - openssl >=3.4.1,<4.0a0
  - zstd >=1.5.6,<1.6.0a0
  license: curl
  license_family: MIT
  size: 387893
  timestamp: 1739512564746
- conda: https://conda.anaconda.org/conda-forge/osx-arm64/libcxx-19.1.7-ha82da77_0.conda
  sha256: 776092346da87a2a23502e14d91eb0c32699c4a1522b7331537bd1c3751dcff5
  md5: 5b3e1610ff8bd5443476b91d618f5b77
  depends:
  - __osx >=11.0
  license: Apache-2.0 WITH LLVM-exception
  license_family: Apache
  size: 523505
  timestamp: 1736877862502
- conda: https://conda.anaconda.org/conda-forge/osx-arm64/libcxx-devel-19.1.7-h6dc3340_0.conda
  sha256: 5babc4578f21f623e8e69a7eff299732faf4fad6873e97bf4d61977afd1b04df
  md5: 9a0c5be4364a68a216a8092b4bd1d75d
  depends:
  - libcxx >=19.1.7
  license: Apache-2.0 WITH LLVM-exception
  license_family: Apache
  size: 825435
  timestamp: 1736877883941
- conda: https://conda.anaconda.org/conda-forge/osx-arm64/libedit-3.1.20250104-pl5321hafb1f1b_0.conda
  sha256: 66aa216a403de0bb0c1340a88d1a06adaff66bae2cfd196731aa24db9859d631
  md5: 44083d2d2c2025afca315c7a172eab2b
  depends:
  - ncurses
  - __osx >=11.0
  - ncurses >=6.5,<7.0a0
  license: BSD-2-Clause
  license_family: BSD
  size: 107691
  timestamp: 1738479560845
- conda: https://conda.anaconda.org/conda-forge/osx-arm64/libev-4.33-h93a5062_2.conda
  sha256: 95cecb3902fbe0399c3a7e67a5bed1db813e5ab0e22f4023a5e0f722f2cc214f
  md5: 36d33e440c31857372a72137f78bacf5
  license: BSD-2-Clause
  license_family: BSD
  size: 107458
  timestamp: 1702146414478
- conda: https://conda.anaconda.org/conda-forge/osx-arm64/libexpat-2.6.4-h286801f_0.conda
  sha256: e42ab5ace927ee7c84e3f0f7d813671e1cf3529f5f06ee5899606630498c2745
  md5: 38d2656dd914feb0cab8c629370768bf
  depends:
  - __osx >=11.0
  constrains:
  - expat 2.6.4.*
  license: MIT
  license_family: MIT
  size: 64693
  timestamp: 1730967175868
- conda: https://conda.anaconda.org/conda-forge/osx-arm64/libgfortran-5.0.0-12_2_0_hd922786_32.conda
  sha256: 4451dca401842f1d4b7b1a61d362c2a7f4fb640e4016043392d37d0a75e80fbe
  md5: 9ec41d43d48cbff635a81ea4ff11dc44
  depends:
  - libgfortran5
  license: GPL-3.0-only WITH GCC-exception-3.1
  license_family: GPL
  size: 161523
  timestamp: 1689887373568
- conda: https://conda.anaconda.org/conda-forge/osx-arm64/libgfortran5-12.2.0-h0eea778_32.conda
  sha256: 592f92703c5a12bac72adcfff3b2a81bee63e1992184641b23eaa43120e5e938
  md5: 6ff3d891096576d250fd84bf8b85cf19
  depends:
  - llvm-openmp >=8.0.0
  constrains:
  - libgfortran 5.0.0 *_32
  license: GPL-3.0-only WITH GCC-exception-3.1
  license_family: GPL
  size: 1049851
  timestamp: 1689887312084
- conda: https://conda.anaconda.org/conda-forge/osx-arm64/libhiredis-1.0.2-hbec66e7_0.tar.bz2
  sha256: a77b7097b3a557e8bc2c2a6e5257bde72e6c828ab8dd9996cec3895cc6cbcf9e
  md5: 37ca71a16015b17397da4a5e6883f66f
  depends:
  - libcxx >=11.1.0
  - libgfortran 5.*
  - libgfortran5 >=11.0.1.dev0
  license: BSD-3-Clause
  license_family: BSD
  size: 51945
  timestamp: 1633982449355
- conda: https://conda.anaconda.org/conda-forge/osx-arm64/libiconv-1.17-h0d3ecfb_2.conda
  sha256: bc7de5097b97bcafcf7deaaed505f7ce02f648aac8eccc0d5a47cc599a1d0304
  md5: 69bda57310071cf6d2b86caf11573d2d
  license: LGPL-2.1-only
  size: 676469
  timestamp: 1702682458114
- conda: https://conda.anaconda.org/conda-forge/osx-arm64/libllvm19-19.1.7-hc4b4ae8_1.conda
  sha256: 5a1d3e7505e8ce6055c3aa361ae660916122089a80abfb009d8d4c49238a7ea4
  md5: 020aeb16fc952ac441852d8eba2cf2fd
  depends:
  - __osx >=11.0
  - libcxx >=18
  - libxml2 >=2.13.5,<3.0a0
  - libzlib >=1.3.1,<2.0a0
  - zstd >=1.5.6,<1.6.0a0
  license: Apache-2.0 WITH LLVM-exception
  license_family: Apache
  size: 27012197
  timestamp: 1737781370567
- conda: https://conda.anaconda.org/conda-forge/osx-arm64/liblzma-5.6.4-h39f12f2_0.conda
  sha256: 560c59d3834cc652a84fb45531bd335ad06e271b34ebc216e380a89798fe8e2c
  md5: e3fd1f8320a100f2b210e690a57cd615
  depends:
  - __osx >=11.0
  license: 0BSD
  size: 98945
  timestamp: 1738525462560
- conda: https://conda.anaconda.org/conda-forge/osx-arm64/libnghttp2-1.64.0-h6d7220d_0.conda
  sha256: 00cc685824f39f51be5233b54e19f45abd60de5d8847f1a56906f8936648b72f
  md5: 3408c02539cee5f1141f9f11450b6a51
  depends:
  - __osx >=11.0
  - c-ares >=1.34.2,<2.0a0
  - libcxx >=17
  - libev >=4.33,<4.34.0a0
  - libev >=4.33,<5.0a0
  - libzlib >=1.3.1,<2.0a0
  - openssl >=3.3.2,<4.0a0
  license: MIT
  license_family: MIT
  size: 566719
  timestamp: 1729572385640
- conda: https://conda.anaconda.org/conda-forge/osx-arm64/libssh2-1.11.1-h9cc3647_0.conda
  sha256: f7047c6ed44bcaeb04432e8c74da87591940d091b0a3940c0d884b7faa8062e9
  md5: ddc7194676c285513706e5fc64f214d7
  depends:
  - libzlib >=1.3.1,<2.0a0
  - openssl >=3.4.0,<4.0a0
  license: BSD-3-Clause
  license_family: BSD
  size: 279028
  timestamp: 1732349599461
- conda: https://conda.anaconda.org/conda-forge/osx-arm64/libuv-1.50.0-h5505292_0.conda
  sha256: d13fb49d4c8262bf2c44ffb2c77bb2b5d0f85fc6de76bdb75208efeccb29fce6
  md5: 20717343fb30798ab7c23c2e92b748c1
  depends:
  - __osx >=11.0
  license: MIT
  license_family: MIT
  size: 418890
  timestamp: 1737016751326
- conda: https://conda.anaconda.org/conda-forge/osx-arm64/libxml2-2.13.5-h178c5d8_1.conda
  sha256: d7af3f25a4cece170502acd38f2dafbea4521f373f46dcb28a37fbe6ac2da544
  md5: 3dc3cff0eca1640a6acbbfab2f78139e
  depends:
  - __osx >=11.0
  - icu >=75.1,<76.0a0
  - libiconv >=1.17,<2.0a0
  - liblzma >=5.6.3,<6.0a0
  - libzlib >=1.3.1,<2.0a0
  license: MIT
  license_family: MIT
  size: 582898
  timestamp: 1733443841584
- conda: https://conda.anaconda.org/conda-forge/osx-arm64/libzlib-1.3.1-h8359307_2.conda
  sha256: ce34669eadaba351cd54910743e6a2261b67009624dbc7daeeafdef93616711b
  md5: 369964e85dc26bfe78f41399b366c435
  depends:
  - __osx >=11.0
  constrains:
  - zlib 1.3.1 *_2
  license: Zlib
  license_family: Other
  size: 46438
  timestamp: 1727963202283
- conda: https://conda.anaconda.org/conda-forge/osx-arm64/llvm-openmp-19.1.7-hdb05f8b_0.conda
  sha256: b92a669f2059874ebdcb69041b6c243d68ffc3fb356ac1339cec44aeb27245d7
  md5: c4d54bfd3817313ce758aa76283b118d
  depends:
  - __osx >=11.0
  constrains:
  - openmp 19.1.7|19.1.7.*
  license: Apache-2.0 WITH LLVM-exception
  license_family: APACHE
  size: 280830
  timestamp: 1736986295869
- conda: https://conda.anaconda.org/conda-forge/osx-arm64/ncurses-6.5-h5e97a16_3.conda
  sha256: 2827ada40e8d9ca69a153a45f7fd14f32b2ead7045d3bbb5d10964898fe65733
  md5: 068d497125e4bf8a66bf707254fff5ae
  depends:
  - __osx >=11.0
  license: X11 AND BSD-3-Clause
  size: 797030
  timestamp: 1738196177597
- conda: https://conda.anaconda.org/conda-forge/osx-arm64/ninja-1.12.1-h420ef59_0.conda
  sha256: 11528acfa0f05d0c51639f6b09b51dc6611b801668449bb36c206c4b055be4f4
  md5: 9166c10405d41c95ffde8fcb8e5c3d51
  depends:
  - __osx >=11.0
  - libcxx >=16
  license: Apache-2.0
  license_family: Apache
  size: 112576
  timestamp: 1715440927034
- conda: https://conda.anaconda.org/conda-forge/osx-arm64/openssl-3.4.1-h81ee809_0.conda
  sha256: 4f8e2389e1b711b44182a075516d02c80fa7a3a7e25a71ff1b5ace9eae57a17a
  md5: 75f9f0c7b1740017e2db83a53ab9a28e
  depends:
  - __osx >=11.0
  - ca-certificates
  license: Apache-2.0
  license_family: Apache
  size: 2934522
  timestamp: 1739301896733
- conda: https://conda.anaconda.org/conda-forge/osx-arm64/rattler-build-0.35.9-h3ab7716_0.conda
  sha256: 9495ca4e7259db1a816f3575295653ec1bc975c78d4b69d80ef3991402e95d6a
  md5: e769b2c413ccef7f803bd89accd59a6a
  depends:
  - __osx >=11.0
  constrains:
  - __osx >=11.0
  license: BSD-3-Clause
  license_family: BSD
  size: 8642148
  timestamp: 1738155723062
- conda: https://conda.anaconda.org/conda-forge/osx-arm64/rhash-1.4.5-h7ab814d_0.conda
  sha256: e6a3e9dbfcb5ad5d69a20c8ac237d37a282a95983314a28912fc54208c5db391
  md5: 352b210f81798ae1e2f25a98ef4b3b54
  depends:
  - __osx >=11.0
  license: MIT
  license_family: MIT
  size: 177240
  timestamp: 1728886815751
- conda: https://conda.anaconda.org/conda-forge/osx-arm64/zstd-1.5.6-hb46c0d2_0.conda
  sha256: 2d4fd1ff7ee79cd954ca8e81abf11d9d49954dd1fef80f27289e2402ae9c2e09
  md5: d96942c06c3e84bfcc5efb038724a7fd
  depends:
  - __osx >=11.0
  - libzlib >=1.2.13,<2.0.0a0
  license: BSD-3-Clause
  license_family: BSD
  size: 405089
  timestamp: 1714723101397
