version: 6
environments:
  default:
    channels:
    - url: https://conda.anaconda.org/conda-forge/
    packages:
      linux-64:
      - conda: https://conda.anaconda.org/conda-forge/linux-64/_libgcc_mutex-0.1-conda_forge.tar.bz2
      - conda: https://conda.anaconda.org/conda-forge/linux-64/_openmp_mutex-4.5-2_gnu.tar.bz2
      - conda: https://conda.anaconda.org/conda-forge/linux-64/ca-certificates-2025.1.31-hbcca054_0.conda
      - conda: https://conda.anaconda.org/conda-forge/linux-64/libgcc-15.1.0-h767d61c_4.conda
      - conda: https://conda.anaconda.org/conda-forge/linux-64/libgcc-ng-15.1.0-h69a702a_4.conda
      - conda: https://conda.anaconda.org/conda-forge/linux-64/libgomp-15.1.0-h767d61c_4.conda
      - conda: https://conda.anaconda.org/conda-forge/linux-64/libstdcxx-15.1.0-h8f9b012_4.conda
      - conda: https://conda.anaconda.org/conda-forge/linux-64/libstdcxx-ng-15.1.0-h4852527_4.conda
      - conda: https://conda.anaconda.org/conda-forge/linux-64/openssl-3.4.1-h7b32b05_0.conda
      - conda: https://conda.anaconda.org/conda-forge/linux-64/patchelf-0.17.2-h58526e2_0.conda
      - conda: https://conda.anaconda.org/conda-forge/linux-64/rattler-build-0.35.9-hff40e2b_0.conda
      osx-arm64:
      - conda: https://conda.anaconda.org/conda-forge/osx-arm64/rattler-build-0.46.0-hcdef695_0.conda
packages:
- conda: https://conda.anaconda.org/conda-forge/linux-64/_libgcc_mutex-0.1-conda_forge.tar.bz2
  sha256: fe51de6107f9edc7aa4f786a70f4a883943bc9d39b3bb7307c04c41410990726
  md5: d7c89558ba9fa0495403155b64376d81
  license: None
  purls: []
  size: 2562
  timestamp: 1578324546067
- conda: https://conda.anaconda.org/conda-forge/linux-64/_openmp_mutex-4.5-2_gnu.tar.bz2
  build_number: 16
  sha256: fbe2c5e56a653bebb982eda4876a9178aedfc2b545f25d0ce9c4c0b508253d22
  md5: 73aaf86a425cc6e73fcf236a5a46396d
  depends:
  - _libgcc_mutex 0.1 conda_forge
  - libgomp >=7.5.0
  constrains:
  - openmp_impl 9999
  license: BSD-3-Clause
  license_family: BSD
  purls: []
  size: 23621
  timestamp: 1650670423406
- conda: https://conda.anaconda.org/conda-forge/linux-64/ca-certificates-2025.1.31-hbcca054_0.conda
  sha256: bf832198976d559ab44d6cdb315642655547e26d826e34da67cbee6624cda189
  md5: 19f3a56f68d2fd06c516076bff482c52
  license: ISC
  purls: []
  size: 158144
  timestamp: 1738298224464
- conda: https://conda.anaconda.org/conda-forge/linux-64/libgcc-15.1.0-h767d61c_4.conda
  sha256: 144e35c1c2840f2dc202f6915fc41879c19eddbb8fa524e3ca4aa0d14018b26f
  md5: f406dcbb2e7bef90d793e50e79a2882b
  depends:
  - __glibc >=2.17,<3.0.a0
  - _openmp_mutex >=4.5
  constrains:
  - libgcc-ng ==15.1.0=*_4
  - libgomp 15.1.0 h767d61c_4
  license: GPL-3.0-only WITH GCC-exception-3.1
  license_family: GPL
  purls: []
  size: 824153
  timestamp: 1753903866511
- conda: https://conda.anaconda.org/conda-forge/linux-64/libgcc-ng-15.1.0-h69a702a_4.conda
  sha256: 76ceac93ed98f208363d6e9c75011b0ff7b97b20f003f06461a619557e726637
  md5: 28771437ffcd9f3417c66012dc49a3be
  depends:
  - libgcc 15.1.0 h767d61c_4
  license: GPL-3.0-only WITH GCC-exception-3.1
  license_family: GPL
  purls: []
  size: 29249
  timestamp: 1753903872571
- conda: https://conda.anaconda.org/conda-forge/linux-64/libgomp-15.1.0-h767d61c_4.conda
  sha256: e0487a8fec78802ac04da0ac1139c3510992bc58a58cde66619dde3b363c2933
  md5: 3baf8976c96134738bba224e9ef6b1e5
  depends:
  - __glibc >=2.17,<3.0.a0
  license: GPL-3.0-only WITH GCC-exception-3.1
  license_family: GPL
  purls: []
  size: 447289
  timestamp: 1753903801049
- conda: https://conda.anaconda.org/conda-forge/linux-64/libstdcxx-15.1.0-h8f9b012_4.conda
  sha256: b5b239e5fca53ff90669af1686c86282c970dd8204ebf477cf679872eb6d48ac
  md5: 3c376af8888c386b9d3d1c2701e2f3ab
  depends:
  - __glibc >=2.17,<3.0.a0
  - libgcc 15.1.0 h767d61c_4
  license: GPL-3.0-only WITH GCC-exception-3.1
  license_family: GPL
  purls: []
  size: 3903453
  timestamp: 1753903894186
- conda: https://conda.anaconda.org/conda-forge/linux-64/libstdcxx-ng-15.1.0-h4852527_4.conda
  sha256: 81c841c1cf4c0d06414aaa38a249f9fdd390554943065c3a0b18a9fb7e8cc495
  md5: 2d34729cbc1da0ec988e57b13b712067
  depends:
  - libstdcxx 15.1.0 h8f9b012_4
  license: GPL-3.0-only WITH GCC-exception-3.1
  license_family: GPL
  purls: []
  size: 29317
  timestamp: 1753903924491
- conda: https://conda.anaconda.org/conda-forge/linux-64/openssl-3.4.1-h7b32b05_0.conda
  sha256: cbf62df3c79a5c2d113247ddea5658e9ff3697b6e741c210656e239ecaf1768f
  md5: 41adf927e746dc75ecf0ef841c454e48
  depends:
  - __glibc >=2.17,<3.0.a0
  - ca-certificates
  - libgcc >=13
  license: Apache-2.0
  license_family: Apache
  purls: []
  size: 2939306
  timestamp: 1739301879343
- conda: https://conda.anaconda.org/conda-forge/linux-64/patchelf-0.17.2-h58526e2_0.conda
  sha256: eb355ac225be2f698e19dba4dcab7cb0748225677a9799e9cc8e4cadc3cb738f
  md5: ba76a6a448819560b5f8b08a9c74f415
  depends:
  - libgcc-ng >=7.5.0
  - libstdcxx-ng >=7.5.0
  license: GPL-3.0-or-later
  license_family: GPL
  purls: []
  size: 94048
  timestamp: 1673473024463
- conda: https://conda.anaconda.org/conda-forge/linux-64/rattler-build-0.35.9-hff40e2b_0.conda
  sha256: aee93b85e08fcf759ea0d06ee330939abea7b462f71d6e91aa7b988a76d7a071
  md5: 6ef352149da56fd214ce4a622f1c2d1c
  depends:
  - patchelf
  - __glibc >=2.17,<3.0.a0
  - openssl >=3.4.0,<4.0a0
  constrains:
  - __glibc >=2.17
  license: BSD-3-Clause
  license_family: BSD
  purls: []
  size: 10775543
  timestamp: 1738155671607
- conda: https://conda.anaconda.org/conda-forge/osx-arm64/rattler-build-0.46.0-hcdef695_0.conda
  sha256: 249d50ff057deebab20a9f95f6fff38a0e85bcdbf791b16d220eca8c35263c9b
  md5: 9f000b57b44445cdb54f258c7e9bd561
  depends:
  - __osx >=11.0
  constrains:
  - __osx >=11.0
  license: BSD-3-Clause
  license_family: BSD
  purls: []
  size: 14305482
  timestamp: 1755690778735
